
Microsoft Visual Studio Solution File, Format Version 12.00
# Visual Studio Version 17
VisualStudioVersion = 17.10.35013.160
MinimumVisualStudioVersion = 10.0.40219.1
Project("{FAE04EC0-301F-11D3-BF4B-00C04F79EFBC}") = "Topic-2 Numbers and Math", "Topic-2 Numbers and Math\Topic-2 Numbers and Math.csproj", "{0C97B4F0-916D-4A9A-A40F-15AA554E32F5}"
EndProject
Global
	GlobalSection(SolutionConfigurationPlatforms) = preSolution
		Debug|Any CPU = Debug|Any CPU
		Release|Any CPU = Release|Any CPU
	EndGlobalSection
	GlobalSection(ProjectConfigurationPlatforms) = postSolution
		{0C97B4F0-916D-4A9A-A40F-15AA554E32F5}.Debug|Any CPU.ActiveCfg = Debug|Any CPU
		{0C97B4F0-916D-4A9A-A40F-15AA554E32F5}.Debug|Any CPU.Build.0 = Debug|Any CPU
		{0C97B4F0-916D-4A9A-A40F-15AA554E32F5}.Release|Any CPU.ActiveCfg = Release|Any CPU
		{0C97B4F0-916D-4A9A-A40F-15AA554E32F5}.Release|Any CPU.Build.0 = Release|Any CPU
	EndGlobalSection
	GlobalSection(SolutionProperties) = preSolution
		HideSolutionNode = FALSE
	EndGlobalSection
	GlobalSection(ExtensibilityGlobals) = postSolution
		SolutionGuid = {B052A3C4-9CBD-4C02-B5DF-D650EA5159A3}
	EndGlobalSection
EndGlobal
